
Microsoft Visual Studio Solution File, Format Version 12.00
# Visual Studio Version 17
VisualStudioVersion = 17.8.34330.188
MinimumVisualStudioVersion = 10.0.40219.1
Project("{8BC9CEB8-8B4A-11D0-8D11-00A0C91BC942}") = "AoC_2016", "C:\Users\brian\Documents\Code\AdventOfCode\2016\AoC_2016\AoC_2016.vcxproj", "{AE9129F3-CB36-447D-BFB1-05B7A187EA48}"
EndProject
Project("{8BC9CEB8-8B4A-11D0-8D11-00A0C91BC942}") = "AoC_2024", "C:\Users\brian\Documents\Code\AdventOfCode\2024\AoC_2024\AoC_2024.vcxproj", "{950193E5-DDE5-4518-8744-2AEBF8734849}"
EndProject
Project("{8BC9CEB8-8B4A-11D0-8D11-00A0C91BC942}") = "AoC_2015", "C:\Users\brian\Documents\Code\AdventOfCode\2015\AoC_2015\AoC_2015.vcxproj", "{71CC5B56-F903-482D-A762-1A31BAF1F267}"
EndProject
Project("{8BC9CEB8-8B4A-11D0-8D11-00A0C91BC942}") = "AoC_2017", "C:\Users\brian\Documents\Code\AdventOfCode\2017\AoC_2017\AoC_2017.vcxproj", "{A1D2B2F7-7DBE-4628-A399-33852DD7C990}"
EndProject
Project("{8BC9CEB8-8B4A-11D0-8D11-00A0C91BC942}") = "AoC_2018", "C:\Users\brian\Documents\Code\AdventOfCode\2018\AoC_2018\AoC_2018.vcxproj", "{CCD41B77-12A5-457D-A4D2-04B5845B7E5B}"
EndProject
Project("{8BC9CEB8-8B4A-11D0-8D11-00A0C91BC942}") = "AoC_2019", "C:\Users\brian\Documents\Code\AdventOfCode\2019\AoC_2019\AoC_2019.vcxproj", "{229E79D9-0B7C-4F64-9E94-606DC97FDB2F}"
EndProject
Project("{8BC9CEB8-8B4A-11D0-8D11-00A0C91BC942}") = "AoC_2020", "C:\Users\brian\Documents\Code\AdventOfCode\2020\AoC_2020\AoC_2020.vcxproj", "{1524A921-AC7F-44B2-8D1F-0B575A36D4AC}"
EndProject
Project("{8BC9CEB8-8B4A-11D0-8D11-00A0C91BC942}") = "AoC_2022", "C:\Users\brian\Documents\Code\AdventOfCode\2022\AoC_2022\AoC_2022.vcxproj", "{B32DA01D-BDA3-4F59-A53B-87AA56A55332}"
EndProject
Project("{8BC9CEB8-8B4A-11D0-8D11-00A0C91BC942}") = "AoC_2021", "C:\Users\brian\Documents\Code\AdventOfCode\2021\AoC_2021\AoC_2021.vcxproj", "{DD93E6F1-4E46-4723-BC34-04C7E780D456}"
EndProject
Project("{8BC9CEB8-8B4A-11D0-8D11-00A0C91BC942}") = "AoC_2023", "C:\Users\brian\Documents\Code\AdventOfCode\2023\AoC_2023\AoC_2023.vcxproj", "{11378E33-80E3-493D-85C7-A4A006AE3EF0}"
EndProject
Project("{8BC9CEB8-8B4A-11D0-8D11-00A0C91BC942}") = "AoC_2025", "C:\Users\brian\Documents\Code\AdventOfCode\2025\AoC_2025\AoC_2025.vcxproj", "{D39187B5-F8A3-4D87-92FD-4FE120A88FB0}"
EndProject
Global
	GlobalSection(SolutionConfigurationPlatforms) = preSolution
		Debug|x64 = Debug|x64
		Debug|x86 = Debug|x86
		Release|x64 = Release|x64
		Release|x86 = Release|x86
	EndGlobalSection
	GlobalSection(ProjectConfigurationPlatforms) = postSolution
		{AE9129F3-CB36-447D-BFB1-05B7A187EA48}.Debug|x64.ActiveCfg = Debug|x64
		{AE9129F3-CB36-447D-BFB1-05B7A187EA48}.Debug|x64.Build.0 = Debug|x64
		{AE9129F3-CB36-447D-BFB1-05B7A187EA48}.Debug|x86.ActiveCfg = Debug|Win32
		{AE9129F3-CB36-447D-BFB1-05B7A187EA48}.Debug|x86.Build.0 = Debug|Win32
		{AE9129F3-CB36-447D-BFB1-05B7A187EA48}.Release|x64.ActiveCfg = Release|x64
		{AE9129F3-CB36-447D-BFB1-05B7A187EA48}.Release|x64.Build.0 = Release|x64
		{AE9129F3-CB36-447D-BFB1-05B7A187EA48}.Release|x86.ActiveCfg = Release|Win32
		{AE9129F3-CB36-447D-BFB1-05B7A187EA48}.Release|x86.Build.0 = Release|Win32
		{950193E5-DDE5-4518-8744-2AEBF8734849}.Debug|x64.ActiveCfg = Debug|x64
		{950193E5-DDE5-4518-8744-2AEBF8734849}.Debug|x64.Build.0 = Debug|x64
		{950193E5-DDE5-4518-8744-2AEBF8734849}.Debug|x86.ActiveCfg = Debug|Win32
		{950193E5-DDE5-4518-8744-2AEBF8734849}.Debug|x86.Build.0 = Debug|Win32
		{950193E5-DDE5-4518-8744-2AEBF8734849}.Release|x64.ActiveCfg = Release|x64
		{950193E5-DDE5-4518-8744-2AEBF8734849}.Release|x64.Build.0 = Release|x64
		{950193E5-DDE5-4518-8744-2AEBF8734849}.Release|x86.ActiveCfg = Release|Win32
		{950193E5-DDE5-4518-8744-2AEBF8734849}.Release|x86.Build.0 = Release|Win32
		{71CC5B56-F903-482D-A762-1A31BAF1F267}.Debug|x64.ActiveCfg = Debug|x64
		{71CC5B56-F903-482D-A762-1A31BAF1F267}.Debug|x64.Build.0 = Debug|x64
		{71CC5B56-F903-482D-A762-1A31BAF1F267}.Debug|x86.ActiveCfg = Debug|Win32
		{71CC5B56-F903-482D-A762-1A31BAF1F267}.Debug|x86.Build.0 = Debug|Win32
		{71CC5B56-F903-482D-A762-1A31BAF1F267}.Release|x64.ActiveCfg = Release|x64
		{71CC5B56-F903-482D-A762-1A31BAF1F267}.Release|x64.Build.0 = Release|x64
		{71CC5B56-F903-482D-A762-1A31BAF1F267}.Release|x86.ActiveCfg = Release|Win32
		{71CC5B56-F903-482D-A762-1A31BAF1F267}.Release|x86.Build.0 = Release|Win32
		{A1D2B2F7-7DBE-4628-A399-33852DD7C990}.Debug|x64.ActiveCfg = Debug|x64
		{A1D2B2F7-7DBE-4628-A399-33852DD7C990}.Debug|x64.Build.0 = Debug|x64
		{A1D2B2F7-7DBE-4628-A399-33852DD7C990}.Debug|x86.ActiveCfg = Debug|Win32
		{A1D2B2F7-7DBE-4628-A399-33852DD7C990}.Debug|x86.Build.0 = Debug|Win32
		{A1D2B2F7-7DBE-4628-A399-33852DD7C990}.Release|x64.ActiveCfg = Release|x64
		{A1D2B2F7-7DBE-4628-A399-33852DD7C990}.Release|x64.Build.0 = Release|x64
		{A1D2B2F7-7DBE-4628-A399-33852DD7C990}.Release|x86.ActiveCfg = Release|Win32
		{A1D2B2F7-7DBE-4628-A399-33852DD7C990}.Release|x86.Build.0 = Release|Win32
		{CCD41B77-12A5-457D-A4D2-04B5845B7E5B}.Debug|x64.ActiveCfg = Debug|x64
		{CCD41B77-12A5-457D-A4D2-04B5845B7E5B}.Debug|x64.Build.0 = Debug|x64
		{CCD41B77-12A5-457D-A4D2-04B5845B7E5B}.Debug|x86.ActiveCfg = Debug|Win32
		{CCD41B77-12A5-457D-A4D2-04B5845B7E5B}.Debug|x86.Build.0 = Debug|Win32
		{CCD41B77-12A5-457D-A4D2-04B5845B7E5B}.Release|x64.ActiveCfg = Release|x64
		{CCD41B77-12A5-457D-A4D2-04B5845B7E5B}.Release|x64.Build.0 = Release|x64
		{CCD41B77-12A5-457D-A4D2-04B5845B7E5B}.Release|x86.ActiveCfg = Release|Win32
		{CCD41B77-12A5-457D-A4D2-04B5845B7E5B}.Release|x86.Build.0 = Release|Win32
		{229E79D9-0B7C-4F64-9E94-606DC97FDB2F}.Debug|x64.ActiveCfg = Debug|x64
		{229E79D9-0B7C-4F64-9E94-606DC97FDB2F}.Debug|x64.Build.0 = Debug|x64
		{229E79D9-0B7C-4F64-9E94-606DC97FDB2F}.Debug|x86.ActiveCfg = Debug|Win32
		{229E79D9-0B7C-4F64-9E94-606DC97FDB2F}.Debug|x86.Build.0 = Debug|Win32
		{229E79D9-0B7C-4F64-9E94-606DC97FDB2F}.Release|x64.ActiveCfg = Release|x64
		{229E79D9-0B7C-4F64-9E94-606DC97FDB2F}.Release|x64.Build.0 = Release|x64
		{229E79D9-0B7C-4F64-9E94-606DC97FDB2F}.Release|x86.ActiveCfg = Release|Win32
		{229E79D9-0B7C-4F64-9E94-606DC97FDB2F}.Release|x86.Build.0 = Release|Win32
		{1524A921-AC7F-44B2-8D1F-0B575A36D4AC}.Debug|x64.ActiveCfg = Debug|x64
		{1524A921-AC7F-44B2-8D1F-0B575A36D4AC}.Debug|x64.Build.0 = Debug|x64
		{1524A921-AC7F-44B2-8D1F-0B575A36D4AC}.Debug|x86.ActiveCfg = Debug|Win32
		{1524A921-AC7F-44B2-8D1F-0B575A36D4AC}.Debug|x86.Build.0 = Debug|Win32
		{1524A921-AC7F-44B2-8D1F-0B575A36D4AC}.Release|x64.ActiveCfg = Release|x64
		{1524A921-AC7F-44B2-8D1F-0B575A36D4AC}.Release|x64.Build.0 = Release|x64
		{1524A921-AC7F-44B2-8D1F-0B575A36D4AC}.Release|x86.ActiveCfg = Release|Win32
		{1524A921-AC7F-44B2-8D1F-0B575A36D4AC}.Release|x86.Build.0 = Release|Win32
		{B32DA01D-BDA3-4F59-A53B-87AA56A55332}.Debug|x64.ActiveCfg = Debug|x64
		{B32DA01D-BDA3-4F59-A53B-87AA56A55332}.Debug|x64.Build.0 = Debug|x64
		{B32DA01D-BDA3-4F59-A53B-87AA56A55332}.Debug|x86.ActiveCfg = Debug|Win32
		{B32DA01D-BDA3-4F59-A53B-87AA56A55332}.Debug|x86.Build.0 = Debug|Win32
		{B32DA01D-BDA3-4F59-A53B-87AA56A55332}.Release|x64.ActiveCfg = Release|x64
		{B32DA01D-BDA3-4F59-A53B-87AA56A55332}.Release|x64.Build.0 = Release|x64
		{B32DA01D-BDA3-4F59-A53B-87AA56A55332}.Release|x86.ActiveCfg = Release|Win32
		{B32DA01D-BDA3-4F59-A53B-87AA56A55332}.Release|x86.Build.0 = Release|Win32
		{DD93E6F1-4E46-4723-BC34-04C7E780D456}.Debug|x64.ActiveCfg = Debug|x64
		{DD93E6F1-4E46-4723-BC34-04C7E780D456}.Debug|x64.Build.0 = Debug|x64
		{DD93E6F1-4E46-4723-BC34-04C7E780D456}.Debug|x86.ActiveCfg = Debug|Win32
		{DD93E6F1-4E46-4723-BC34-04C7E780D456}.Debug|x86.Build.0 = Debug|Win32
		{DD93E6F1-4E46-4723-BC34-04C7E780D456}.Release|x64.ActiveCfg = Release|x64
		{DD93E6F1-4E46-4723-BC34-04C7E780D456}.Release|x64.Build.0 = Release|x64
		{DD93E6F1-4E46-4723-BC34-04C7E780D456}.Release|x86.ActiveCfg = Release|Win32
		{DD93E6F1-4E46-4723-BC34-04C7E780D456}.Release|x86.Build.0 = Release|Win32
		{11378E33-80E3-493D-85C7-A4A006AE3EF0}.Debug|x64.ActiveCfg = Debug|x64
		{11378E33-80E3-493D-85C7-A4A006AE3EF0}.Debug|x64.Build.0 = Debug|x64
		{11378E33-80E3-493D-85C7-A4A006AE3EF0}.Debug|x86.ActiveCfg = Debug|Win32
		{11378E33-80E3-493D-85C7-A4A006AE3EF0}.Debug|x86.Build.0 = Debug|Win32
		{11378E33-80E3-493D-85C7-A4A006AE3EF0}.Release|x64.ActiveCfg = Release|x64
		{11378E33-80E3-493D-85C7-A4A006AE3EF0}.Release|x64.Build.0 = Release|x64
		{11378E33-80E3-493D-85C7-A4A006AE3EF0}.Release|x86.ActiveCfg = Release|Win32
		{11378E33-80E3-493D-85C7-A4A006AE3EF0}.Release|x86.Build.0 = Release|Win32
		{D39187B5-F8A3-4D87-92FD-4FE120A88FB0}.Debug|x64.ActiveCfg = Debug|x64
		{D39187B5-F8A3-4D87-92FD-4FE120A88FB0}.Debug|x64.Build.0 = Debug|x64
		{D39187B5-F8A3-4D87-92FD-4FE120A88FB0}.Debug|x86.ActiveCfg = Debug|Win32
		{D39187B5-F8A3-4D87-92FD-4FE120A88FB0}.Debug|x86.Build.0 = Debug|Win32
		{D39187B5-F8A3-4D87-92FD-4FE120A88FB0}.Release|x64.ActiveCfg = Release|x64
		{D39187B5-F8A3-4D87-92FD-4FE120A88FB0}.Release|x64.Build.0 = Release|x64
		{D39187B5-F8A3-4D87-92FD-4FE120A88FB0}.Release|x86.ActiveCfg = Release|Win32
		{D39187B5-F8A3-4D87-92FD-4FE120A88FB0}.Release|x86.Build.0 = Release|Win32
	EndGlobalSection
	GlobalSection(SolutionProperties) = preSolution
		HideSolutionNode = FALSE
	EndGlobalSection
	GlobalSection(ExtensibilityGlobals) = postSolution
		SolutionGuid = {82354A25-6BF5-42BF-8875-F39A6D89E916}
	EndGlobalSection
EndGlobal
